
Microsoft Visual Studio Solution File, Format Version 12.00
# Visual Studio Version 17
VisualStudioVersion = 17.8.34511.84
MinimumVisualStudioVersion = 10.0.40219.1
Project("{9A19103F-16F7-4668-BE54-9A1E7A4F7556}") = "desu-life-web-api", "desu_life_web_api\desu-life-web-api.csproj", "{2DB1EB3A-5C99-491D-90D1-746DE551F61D}"
EndProject
Global
	GlobalSection(SolutionConfigurationPlatforms) = preSolution
		Debug|Any CPU = Debug|Any CPU
		Release|Any CPU = Release|Any CPU
	EndGlobalSection
	GlobalSection(ProjectConfigurationPlatforms) = postSolution
		{2DB1EB3A-5C99-491D-90D1-746DE551F61D}.Debug|Any CPU.ActiveCfg = Debug|Any CPU
		{2DB1EB3A-5C99-491D-90D1-746DE551F61D}.Debug|Any CPU.Build.0 = Debug|Any CPU
		{2DB1EB3A-5C99-491D-90D1-746DE551F61D}.Release|Any CPU.ActiveCfg = Release|Any CPU
		{2DB1EB3A-5C99-491D-90D1-746DE551F61D}.Release|Any CPU.Build.0 = Release|Any CPU
	EndGlobalSection
	GlobalSection(SolutionProperties) = preSolution
		HideSolutionNode = FALSE
	EndGlobalSection
	GlobalSection(ExtensibilityGlobals) = postSolution
		SolutionGuid = {2D77C73D-EE9E-4D52-A028-3F9869AD6FC7}
	EndGlobalSection
EndGlobal
